// !$*UTF8*$!
{
	archiveVersion = 1;
	classes = {
	};
	objectVersion = 55;
	objects = {

/* Begin PBXBuildFile section */
		1873BCBBC9894EFA95BB7E63 /* Pods_BeTime.framework in Frameworks */ = {isa = PBXBuildFile; fileRef = EC9EC6676C51C13C802702E8 /* Pods_BeTime.framework */; };
		29894DEB2C75D150002A08DF /* AppDelegate.swift in Sources */ = {isa = PBXBuildFile; fileRef = 29894DEA2C75D150002A08DF /* AppDelegate.swift */; };
		29894DED2C75D150002A08DF /* SceneDelegate.swift in Sources */ = {isa = PBXBuildFile; fileRef = 29894DEC2C75D150002A08DF /* SceneDelegate.swift */; };
		29894DEF2C75D150002A08DF /* ViewController.swift in Sources */ = {isa = PBXBuildFile; fileRef = 29894DEE2C75D150002A08DF /* ViewController.swift */; };
		29894DF22C75D150002A08DF /* Main.storyboard in Resources */ = {isa = PBXBuildFile; fileRef = 29894DF02C75D150002A08DF /* Main.storyboard */; };
		29894DF42C75D152002A08DF /* Assets.xcassets in Resources */ = {isa = PBXBuildFile; fileRef = 29894DF32C75D152002A08DF /* Assets.xcassets */; };
		29894DF72C75D152002A08DF /* LaunchScreen.storyboard in Resources */ = {isa = PBXBuildFile; fileRef = 29894DF52C75D152002A08DF /* LaunchScreen.storyboard */; };
		29A04C522C9180D00040119A /* RxBlocking in Frameworks */ = {isa = PBXBuildFile; productRef = 29A04C512C9180D00040119A /* RxBlocking */; };
		29A04C542C9180D00040119A /* RxBlocking-Dynamic in Frameworks */ = {isa = PBXBuildFile; productRef = 29A04C532C9180D00040119A /* RxBlocking-Dynamic */; };
		29A04C562C9180D00040119A /* RxCocoa in Frameworks */ = {isa = PBXBuildFile; productRef = 29A04C552C9180D00040119A /* RxCocoa */; };
		29A04C582C9180D00040119A /* RxCocoa-Dynamic in Frameworks */ = {isa = PBXBuildFile; productRef = 29A04C572C9180D00040119A /* RxCocoa-Dynamic */; };
		29A04C5A2C9180D00040119A /* RxRelay in Frameworks */ = {isa = PBXBuildFile; productRef = 29A04C592C9180D00040119A /* RxRelay */; };
		29EEFAD12C7892BC00BEBE78 /* WeatherResponseDTO.swift in Sources */ = {isa = PBXBuildFile; fileRef = 29EEFAD02C7892BC00BEBE78 /* WeatherResponseDTO.swift */; };
		29EEFAD32C78A29400BEBE78 /* LocationCore.swift in Sources */ = {isa = PBXBuildFile; fileRef = 29EEFAD22C78A29400BEBE78 /* LocationCore.swift */; };
		29EEFAD82C78A3E200BEBE78 /* WeatherForecast.swift in Sources */ = {isa = PBXBuildFile; fileRef = 29EEFAD72C78A3E200BEBE78 /* WeatherForecast.swift */; };
		29EEFADA2C78A56600BEBE78 /* Location.swift in Sources */ = {isa = PBXBuildFile; fileRef = 29EEFAD92C78A56600BEBE78 /* Location.swift */; };
		29EEFADC2C78AB9500BEBE78 /* WeatherRequestDTO.swift in Sources */ = {isa = PBXBuildFile; fileRef = 29EEFADB2C78AB9500BEBE78 /* WeatherRequestDTO.swift */; };
		29EEFADE2C79EEF000BEBE78 /* DateCore.swift in Sources */ = {isa = PBXBuildFile; fileRef = 29EEFADD2C79EEF000BEBE78 /* DateCore.swift */; };
		29EEFAE02C7C452000BEBE78 /* APIConfig.swift in Sources */ = {isa = PBXBuildFile; fileRef = 29EEFADF2C7C452000BEBE78 /* APIConfig.swift */; };
		29EEFAE22C7CBAA800BEBE78 /* APIResponseModel.swift in Sources */ = {isa = PBXBuildFile; fileRef = 29EEFAE12C7CBAA800BEBE78 /* APIResponseModel.swift */; };
		29EEFAE42C7DAFA700BEBE78 /* FetchWeatherUseCaseImpl.swift in Sources */ = {isa = PBXBuildFile; fileRef = 29EEFAE32C7DAFA700BEBE78 /* FetchWeatherUseCaseImpl.swift */; };
		29EEFAE72C7DB44700BEBE78 /* WeatherDataRepository.swift in Sources */ = {isa = PBXBuildFile; fileRef = 29EEFAE62C7DB44700BEBE78 /* WeatherDataRepository.swift */; };
		29EEFAE92C7DC99000BEBE78 /* UserWeatherViewModel.swift in Sources */ = {isa = PBXBuildFile; fileRef = 29EEFAE82C7DC99000BEBE78 /* UserWeatherViewModel.swift */; };
		29EEFAEB2C7DCFA900BEBE78 /* UserWeatherViewController.swift in Sources */ = {isa = PBXBuildFile; fileRef = 29EEFAEA2C7DCFA900BEBE78 /* UserWeatherViewController.swift */; };
		29EEFB1D2C80700300BEBE78 /* WeatherDataRepositoryProtocol.swift in Sources */ = {isa = PBXBuildFile; fileRef = 29EEFB1C2C80700300BEBE78 /* WeatherDataRepositoryProtocol.swift */; };
		29EEFB1F2C8580F200BEBE78 /* APIManager.swift in Sources */ = {isa = PBXBuildFile; fileRef = 29EEFB1E2C8580F200BEBE78 /* APIManager.swift */; };
		29EEFB242C872B4800BEBE78 /* LocationMapper.swift in Sources */ = {isa = PBXBuildFile; fileRef = 29EEFB232C872B4800BEBE78 /* LocationMapper.swift */; };
/* End PBXBuildFile section */

/* Begin PBXFileReference section */
		29894DE72C75D150002A08DF /* BeTime.app */ = {isa = PBXFileReference; explicitFileType = wrapper.application; includeInIndex = 0; path = BeTime.app; sourceTree = BUILT_PRODUCTS_DIR; };
		29894DEA2C75D150002A08DF /* AppDelegate.swift */ = {isa = PBXFileReference; lastKnownFileType = sourcecode.swift; path = AppDelegate.swift; sourceTree = "<group>"; };
		29894DEC2C75D150002A08DF /* SceneDelegate.swift */ = {isa = PBXFileReference; lastKnownFileType = sourcecode.swift; path = SceneDelegate.swift; sourceTree = "<group>"; };
		29894DEE2C75D150002A08DF /* ViewController.swift */ = {isa = PBXFileReference; lastKnownFileType = sourcecode.swift; path = ViewController.swift; sourceTree = "<group>"; };
		29894DF12C75D150002A08DF /* Base */ = {isa = PBXFileReference; lastKnownFileType = file.storyboard; name = Base; path = Base.lproj/Main.storyboard; sourceTree = "<group>"; };
		29894DF32C75D152002A08DF /* Assets.xcassets */ = {isa = PBXFileReference; lastKnownFileType = folder.assetcatalog; path = Assets.xcassets; sourceTree = "<group>"; };
		29894DF62C75D152002A08DF /* Base */ = {isa = PBXFileReference; lastKnownFileType = file.storyboard; name = Base; path = Base.lproj/LaunchScreen.storyboard; sourceTree = "<group>"; };
		29894DF82C75D152002A08DF /* Info.plist */ = {isa = PBXFileReference; lastKnownFileType = text.plist.xml; path = Info.plist; sourceTree = "<group>"; };
		29EEFAD02C7892BC00BEBE78 /* WeatherResponseDTO.swift */ = {isa = PBXFileReference; lastKnownFileType = sourcecode.swift; path = WeatherResponseDTO.swift; sourceTree = "<group>"; };
		29EEFAD22C78A29400BEBE78 /* LocationCore.swift */ = {isa = PBXFileReference; lastKnownFileType = sourcecode.swift; path = LocationCore.swift; sourceTree = "<group>"; };
		29EEFAD72C78A3E200BEBE78 /* WeatherForecast.swift */ = {isa = PBXFileReference; lastKnownFileType = sourcecode.swift; path = WeatherForecast.swift; sourceTree = "<group>"; };
		29EEFAD92C78A56600BEBE78 /* Location.swift */ = {isa = PBXFileReference; lastKnownFileType = sourcecode.swift; path = Location.swift; sourceTree = "<group>"; };
		29EEFADB2C78AB9500BEBE78 /* WeatherRequestDTO.swift */ = {isa = PBXFileReference; lastKnownFileType = sourcecode.swift; path = WeatherRequestDTO.swift; sourceTree = "<group>"; };
		29EEFADD2C79EEF000BEBE78 /* DateCore.swift */ = {isa = PBXFileReference; lastKnownFileType = sourcecode.swift; path = DateCore.swift; sourceTree = "<group>"; };
		29EEFADF2C7C452000BEBE78 /* APIConfig.swift */ = {isa = PBXFileReference; lastKnownFileType = sourcecode.swift; path = APIConfig.swift; sourceTree = "<group>"; };
		29EEFAE12C7CBAA800BEBE78 /* APIResponseModel.swift */ = {isa = PBXFileReference; lastKnownFileType = sourcecode.swift; path = APIResponseModel.swift; sourceTree = "<group>"; };
		29EEFAE32C7DAFA700BEBE78 /* FetchWeatherUseCaseImpl.swift */ = {isa = PBXFileReference; lastKnownFileType = sourcecode.swift; path = FetchWeatherUseCaseImpl.swift; sourceTree = "<group>"; };
		29EEFAE62C7DB44700BEBE78 /* WeatherDataRepository.swift */ = {isa = PBXFileReference; lastKnownFileType = sourcecode.swift; path = WeatherDataRepository.swift; sourceTree = "<group>"; };
		29EEFAE82C7DC99000BEBE78 /* UserWeatherViewModel.swift */ = {isa = PBXFileReference; lastKnownFileType = sourcecode.swift; path = UserWeatherViewModel.swift; sourceTree = "<group>"; };
		29EEFAEA2C7DCFA900BEBE78 /* UserWeatherViewController.swift */ = {isa = PBXFileReference; lastKnownFileType = sourcecode.swift; path = UserWeatherViewController.swift; sourceTree = "<group>"; };
		29EEFB1C2C80700300BEBE78 /* WeatherDataRepositoryProtocol.swift */ = {isa = PBXFileReference; lastKnownFileType = sourcecode.swift; path = WeatherDataRepositoryProtocol.swift; sourceTree = "<group>"; };
		29EEFB1E2C8580F200BEBE78 /* APIManager.swift */ = {isa = PBXFileReference; lastKnownFileType = sourcecode.swift; path = APIManager.swift; sourceTree = "<group>"; };
		29EEFB232C872B4800BEBE78 /* LocationMapper.swift */ = {isa = PBXFileReference; lastKnownFileType = sourcecode.swift; path = LocationMapper.swift; sourceTree = "<group>"; };
		B4F4BBE66577AD0D03D2C062 /* Pods-BeTime.debug.xcconfig */ = {isa = PBXFileReference; includeInIndex = 1; lastKnownFileType = text.xcconfig; name = "Pods-BeTime.debug.xcconfig"; path = "Target Support Files/Pods-BeTime/Pods-BeTime.debug.xcconfig"; sourceTree = "<group>"; };
		D0212BA7EF957E9FB671F80F /* Pods-BeTime.release.xcconfig */ = {isa = PBXFileReference; includeInIndex = 1; lastKnownFileType = text.xcconfig; name = "Pods-BeTime.release.xcconfig"; path = "Target Support Files/Pods-BeTime/Pods-BeTime.release.xcconfig"; sourceTree = "<group>"; };
		EC9EC6676C51C13C802702E8 /* Pods_BeTime.framework */ = {isa = PBXFileReference; explicitFileType = wrapper.framework; includeInIndex = 0; path = Pods_BeTime.framework; sourceTree = BUILT_PRODUCTS_DIR; };
/* End PBXFileReference section */

/* Begin PBXFrameworksBuildPhase section */
		29894DE42C75D150002A08DF /* Frameworks */ = {
			isa = PBXFrameworksBuildPhase;
			buildActionMask = 2147483647;
			files = (
				29A04C5A2C9180D00040119A /* RxRelay in Frameworks */,
				29A04C542C9180D00040119A /* RxBlocking-Dynamic in Frameworks */,
				29A04C582C9180D00040119A /* RxCocoa-Dynamic in Frameworks */,
				1873BCBBC9894EFA95BB7E63 /* Pods_BeTime.framework in Frameworks */,
				29A04C562C9180D00040119A /* RxCocoa in Frameworks */,
				29A04C522C9180D00040119A /* RxBlocking in Frameworks */,
			);
			runOnlyForDeploymentPostprocessing = 0;
		};
/* End PBXFrameworksBuildPhase section */

/* Begin PBXGroup section */
		29894DDE2C75D150002A08DF = {
			isa = PBXGroup;
			children = (
				29894DE92C75D150002A08DF /* BeTime */,
				29894DE82C75D150002A08DF /* Products */,
				FB8F9AC4C9A97182629EA52D /* Pods */,
				BF1F2BE479A2087E1CEB4E0E /* Frameworks */,
			);
			sourceTree = "<group>";
		};
		29894DE82C75D150002A08DF /* Products */ = {
			isa = PBXGroup;
			children = (
				29894DE72C75D150002A08DF /* BeTime.app */,
			);
			name = Products;
			sourceTree = "<group>";
		};
		29894DE92C75D150002A08DF /* BeTime */ = {
			isa = PBXGroup;
			children = (
				29EEFAC72C788E6E00BEBE78 /* Source */,
				29EEFAC62C788E5200BEBE78 /* Resource */,
				29894DF82C75D152002A08DF /* Info.plist */,
			);
			path = BeTime;
			sourceTree = "<group>";
		};
		29EEFAC62C788E5200BEBE78 /* Resource */ = {
			isa = PBXGroup;
			children = (
				29894DF32C75D152002A08DF /* Assets.xcassets */,
			);
			path = Resource;
			sourceTree = "<group>";
		};
		29EEFAC72C788E6E00BEBE78 /* Source */ = {
			isa = PBXGroup;
			children = (
				29EEFB222C872B3200BEBE78 /* Mapper */,
				29EEFACC2C788F4F00BEBE78 /* Application */,
				29EEFAC82C788E8000BEBE78 /* Core */,
				29EEFACD2C788FEB00BEBE78 /* Data */,
				29EEFAC92C788E8900BEBE78 /* Domain */,
				29EEFACA2C788E9700BEBE78 /* Scenes */,
			);
			path = Source;
			sourceTree = "<group>";
		};
		29EEFAC82C788E8000BEBE78 /* Core */ = {
			isa = PBXGroup;
			children = (
				29EEFADD2C79EEF000BEBE78 /* DateCore.swift */,
				29EEFAD22C78A29400BEBE78 /* LocationCore.swift */,
			);
			path = Core;
			sourceTree = "<group>";
		};
		29EEFAC92C788E8900BEBE78 /* Domain */ = {
			isa = PBXGroup;
			children = (
				29EEFB1B2C806FCB00BEBE78 /* Interfaces */,
				29EEFAD42C78A3A800BEBE78 /* Entities */,
				29EEFACE2C788FF500BEBE78 /* UseCase */,
			);
			path = Domain;
			sourceTree = "<group>";
		};
		29EEFACA2C788E9700BEBE78 /* Scenes */ = {
			isa = PBXGroup;
			children = (
				29EEFACB2C788EB800BEBE78 /* UserWeatherScene */,
			);
			path = Scenes;
			sourceTree = "<group>";
		};
		29EEFACB2C788EB800BEBE78 /* UserWeatherScene */ = {
			isa = PBXGroup;
			children = (
				29894DEE2C75D150002A08DF /* ViewController.swift */,
				29EEFAEA2C7DCFA900BEBE78 /* UserWeatherViewController.swift */,
				29EEFAE82C7DC99000BEBE78 /* UserWeatherViewModel.swift */,
				29894DF02C75D150002A08DF /* Main.storyboard */,
				29894DF52C75D152002A08DF /* LaunchScreen.storyboard */,
			);
			path = UserWeatherScene;
			sourceTree = "<group>";
		};
		29EEFACC2C788F4F00BEBE78 /* Application */ = {
			isa = PBXGroup;
			children = (
				29894DEA2C75D150002A08DF /* AppDelegate.swift */,
				29894DEC2C75D150002A08DF /* SceneDelegate.swift */,
			);
			path = Application;
			sourceTree = "<group>";
		};
		29EEFACD2C788FEB00BEBE78 /* Data */ = {
			isa = PBXGroup;
			children = (
				29EEFADF2C7C452000BEBE78 /* APIConfig.swift */,
				29EEFB1E2C8580F200BEBE78 /* APIManager.swift */,
				29EEFAE12C7CBAA800BEBE78 /* APIResponseModel.swift */,
				29EEFACF2C78925A00BEBE78 /* DTO */,
				29EEFAE52C7DB42700BEBE78 /* Repositories */,
			);
			path = Data;
			sourceTree = "<group>";
		};
		29EEFACE2C788FF500BEBE78 /* UseCase */ = {
			isa = PBXGroup;
			children = (
				29EEFAE32C7DAFA700BEBE78 /* FetchWeatherUseCaseImpl.swift */,
			);
			path = UseCase;
			sourceTree = "<group>";
		};
		29EEFACF2C78925A00BEBE78 /* DTO */ = {
			isa = PBXGroup;
			children = (
				29EEFAD02C7892BC00BEBE78 /* WeatherResponseDTO.swift */,
				29EEFADB2C78AB9500BEBE78 /* WeatherRequestDTO.swift */,
			);
			path = DTO;
			sourceTree = "<group>";
		};
		29EEFAD42C78A3A800BEBE78 /* Entities */ = {
			isa = PBXGroup;
			children = (
				29EEFAD92C78A56600BEBE78 /* Location.swift */,
				29EEFAD72C78A3E200BEBE78 /* WeatherForecast.swift */,
			);
			path = Entities;
			sourceTree = "<group>";
		};
		29EEFAE52C7DB42700BEBE78 /* Repositories */ = {
			isa = PBXGroup;
			children = (
				29EEFAE62C7DB44700BEBE78 /* WeatherDataRepository.swift */,
			);
			path = Repositories;
			sourceTree = "<group>";
		};
		29EEFB1B2C806FCB00BEBE78 /* Interfaces */ = {
			isa = PBXGroup;
			children = (
				29EEFB1C2C80700300BEBE78 /* WeatherDataRepositoryProtocol.swift */,
			);
			path = Interfaces;
			sourceTree = "<group>";
		};
		29EEFB222C872B3200BEBE78 /* Mapper */ = {
			isa = PBXGroup;
			children = (
				29EEFB232C872B4800BEBE78 /* LocationMapper.swift */,
			);
			path = Mapper;
			sourceTree = "<group>";
		};
		BF1F2BE479A2087E1CEB4E0E /* Frameworks */ = {
			isa = PBXGroup;
			children = (
				EC9EC6676C51C13C802702E8 /* Pods_BeTime.framework */,
			);
			name = Frameworks;
			sourceTree = "<group>";
		};
		FB8F9AC4C9A97182629EA52D /* Pods */ = {
			isa = PBXGroup;
			children = (
				B4F4BBE66577AD0D03D2C062 /* Pods-BeTime.debug.xcconfig */,
				D0212BA7EF957E9FB671F80F /* Pods-BeTime.release.xcconfig */,
			);
			path = Pods;
			sourceTree = "<group>";
		};
/* End PBXGroup section */

/* Begin PBXNativeTarget section */
		29894DE62C75D150002A08DF /* BeTime */ = {
			isa = PBXNativeTarget;
			buildConfigurationList = 29894DFB2C75D152002A08DF /* Build configuration list for PBXNativeTarget "BeTime" */;
			buildPhases = (
				2C8C021A66242ADADF11A42E /* [CP] Check Pods Manifest.lock */,
				29894DE32C75D150002A08DF /* Sources */,
				29894DE42C75D150002A08DF /* Frameworks */,
				29894DE52C75D150002A08DF /* Resources */,
				2B77999F88EDD54EC9E70D9C /* [CP] Embed Pods Frameworks */,
			);
			buildRules = (
			);
			dependencies = (
			);
			name = BeTime;
			packageProductDependencies = (
				29A04C512C9180D00040119A /* RxBlocking */,
				29A04C532C9180D00040119A /* RxBlocking-Dynamic */,
				29A04C552C9180D00040119A /* RxCocoa */,
				29A04C572C9180D00040119A /* RxCocoa-Dynamic */,
				29A04C592C9180D00040119A /* RxRelay */,
			);
			productName = BeTime;
			productReference = 29894DE72C75D150002A08DF /* BeTime.app */;
			productType = "com.apple.product-type.application";
		};
/* End PBXNativeTarget section */

/* Begin PBXProject section */
		29894DDF2C75D150002A08DF /* Project object */ = {
			isa = PBXProject;
			attributes = {
				BuildIndependentTargetsInParallel = 1;
				LastSwiftUpdateCheck = 1520;
				LastUpgradeCheck = 1520;
				TargetAttributes = {
					29894DE62C75D150002A08DF = {
						CreatedOnToolsVersion = 15.2;
					};
				};
			};
			buildConfigurationList = 29894DE22C75D150002A08DF /* Build configuration list for PBXProject "BeTime" */;
			compatibilityVersion = "Xcode 13.0";
			developmentRegion = en;
			hasScannedForEncodings = 0;
			knownRegions = (
				en,
				Base,
			);
			mainGroup = 29894DDE2C75D150002A08DF;
			packageReferences = (
				29A04C502C9180D00040119A /* XCRemoteSwiftPackageReference "RxSwift" */,
			);
			productRefGroup = 29894DE82C75D150002A08DF /* Products */;
			projectDirPath = "";
			projectRoot = "";
			targets = (
				29894DE62C75D150002A08DF /* BeTime */,
			);
		};
/* End PBXProject section */

/* Begin PBXResourcesBuildPhase section */
		29894DE52C75D150002A08DF /* Resources */ = {
			isa = PBXResourcesBuildPhase;
			buildActionMask = 2147483647;
			files = (
				29894DF72C75D152002A08DF /* LaunchScreen.storyboard in Resources */,
				29894DF42C75D152002A08DF /* Assets.xcassets in Resources */,
				29894DF22C75D150002A08DF /* Main.storyboard in Resources */,
			);
			runOnlyForDeploymentPostprocessing = 0;
		};
/* End PBXResourcesBuildPhase section */

/* Begin PBXShellScriptBuildPhase section */
		2B77999F88EDD54EC9E70D9C /* [CP] Embed Pods Frameworks */ = {
			isa = PBXShellScriptBuildPhase;
			buildActionMask = 2147483647;
			files = (
			);
			inputFileListPaths = (
				"${PODS_ROOT}/Target Support Files/Pods-BeTime/Pods-BeTime-frameworks-${CONFIGURATION}-input-files.xcfilelist",
			);
			name = "[CP] Embed Pods Frameworks";
			outputFileListPaths = (
				"${PODS_ROOT}/Target Support Files/Pods-BeTime/Pods-BeTime-frameworks-${CONFIGURATION}-output-files.xcfilelist",
			);
			runOnlyForDeploymentPostprocessing = 0;
			shellPath = /bin/sh;
			shellScript = "\"${PODS_ROOT}/Target Support Files/Pods-BeTime/Pods-BeTime-frameworks.sh\"\n";
			showEnvVarsInLog = 0;
		};
		2C8C021A66242ADADF11A42E /* [CP] Check Pods Manifest.lock */ = {
			isa = PBXShellScriptBuildPhase;
			buildActionMask = 2147483647;
			files = (
			);
			inputFileListPaths = (
			);
			inputPaths = (
				"${PODS_PODFILE_DIR_PATH}/Podfile.lock",
				"${PODS_ROOT}/Manifest.lock",
			);
			name = "[CP] Check Pods Manifest.lock";
			outputFileListPaths = (
			);
			outputPaths = (
				"$(DERIVED_FILE_DIR)/Pods-BeTime-checkManifestLockResult.txt",
			);
			runOnlyForDeploymentPostprocessing = 0;
			shellPath = /bin/sh;
			shellScript = "diff \"${PODS_PODFILE_DIR_PATH}/Podfile.lock\" \"${PODS_ROOT}/Manifest.lock\" > /dev/null\nif [ $? != 0 ] ; then\n    # print error to STDERR\n    echo \"error: The sandbox is not in sync with the Podfile.lock. Run 'pod install' or update your CocoaPods installation.\" >&2\n    exit 1\nfi\n# This output is used by Xcode 'outputs' to avoid re-running this script phase.\necho \"SUCCESS\" > \"${SCRIPT_OUTPUT_FILE_0}\"\n";
			showEnvVarsInLog = 0;
		};
/* End PBXShellScriptBuildPhase section */

/* Begin PBXSourcesBuildPhase section */
		29894DE32C75D150002A08DF /* Sources */ = {
			isa = PBXSourcesBuildPhase;
			buildActionMask = 2147483647;
			files = (
				29EEFAE72C7DB44700BEBE78 /* WeatherDataRepository.swift in Sources */,
				29EEFAE42C7DAFA700BEBE78 /* FetchWeatherUseCaseImpl.swift in Sources */,
				29894DEF2C75D150002A08DF /* ViewController.swift in Sources */,
				29EEFAE02C7C452000BEBE78 /* APIConfig.swift in Sources */,
				29EEFADE2C79EEF000BEBE78 /* DateCore.swift in Sources */,
				29EEFAD32C78A29400BEBE78 /* LocationCore.swift in Sources */,
				29EEFADC2C78AB9500BEBE78 /* WeatherRequestDTO.swift in Sources */,
				29EEFAD12C7892BC00BEBE78 /* WeatherResponseDTO.swift in Sources */,
				29EEFAEB2C7DCFA900BEBE78 /* UserWeatherViewController.swift in Sources */,
				29EEFAE92C7DC99000BEBE78 /* UserWeatherViewModel.swift in Sources */,
				29894DEB2C75D150002A08DF /* AppDelegate.swift in Sources */,
				29EEFAE22C7CBAA800BEBE78 /* APIResponseModel.swift in Sources */,
				29EEFB1F2C8580F200BEBE78 /* APIManager.swift in Sources */,
				29EEFB242C872B4800BEBE78 /* LocationMapper.swift in Sources */,
				29EEFAD82C78A3E200BEBE78 /* WeatherForecast.swift in Sources */,
				29894DED2C75D150002A08DF /* SceneDelegate.swift in Sources */,
				29EEFADA2C78A56600BEBE78 /* Location.swift in Sources */,
				29EEFB1D2C80700300BEBE78 /* WeatherDataRepositoryProtocol.swift in Sources */,
			);
			runOnlyForDeploymentPostprocessing = 0;
		};
/* End PBXSourcesBuildPhase section */

/* Begin PBXVariantGroup section */
		29894DF02C75D150002A08DF /* Main.storyboard */ = {
			isa = PBXVariantGroup;
			children = (
				29894DF12C75D150002A08DF /* Base */,
			);
			name = Main.storyboard;
			sourceTree = "<group>";
		};
		29894DF52C75D152002A08DF /* LaunchScreen.storyboard */ = {
			isa = PBXVariantGroup;
			children = (
				29894DF62C75D152002A08DF /* Base */,
			);
			name = LaunchScreen.storyboard;
			sourceTree = "<group>";
		};
/* End PBXVariantGroup section */

/* Begin XCBuildConfiguration section */
		29894DF92C75D152002A08DF /* Debug */ = {
			isa = XCBuildConfiguration;
			buildSettings = {
				ALWAYS_SEARCH_USER_PATHS = NO;
				ASSETCATALOG_COMPILER_GENERATE_SWIFT_ASSET_SYMBOL_EXTENSIONS = YES;
				CLANG_ANALYZER_NONNULL = YES;
				CLANG_ANALYZER_NUMBER_OBJECT_CONVERSION = YES_AGGRESSIVE;
				CLANG_CXX_LANGUAGE_STANDARD = "gnu++20";
				CLANG_ENABLE_MODULES = YES;
				CLANG_ENABLE_OBJC_ARC = YES;
				CLANG_ENABLE_OBJC_WEAK = YES;
				CLANG_WARN_BLOCK_CAPTURE_AUTORELEASING = YES;
				CLANG_WARN_BOOL_CONVERSION = YES;
				CLANG_WARN_COMMA = YES;
				CLANG_WARN_CONSTANT_CONVERSION = YES;
				CLANG_WARN_DEPRECATED_OBJC_IMPLEMENTATIONS = YES;
				CLANG_WARN_DIRECT_OBJC_ISA_USAGE = YES_ERROR;
				CLANG_WARN_DOCUMENTATION_COMMENTS = YES;
				CLANG_WARN_EMPTY_BODY = YES;
				CLANG_WARN_ENUM_CONVERSION = YES;
				CLANG_WARN_INFINITE_RECURSION = YES;
				CLANG_WARN_INT_CONVERSION = YES;
				CLANG_WARN_NON_LITERAL_NULL_CONVERSION = YES;
				CLANG_WARN_OBJC_IMPLICIT_RETAIN_SELF = YES;
				CLANG_WARN_OBJC_LITERAL_CONVERSION = YES;
				CLANG_WARN_OBJC_ROOT_CLASS = YES_ERROR;
				CLANG_WARN_QUOTED_INCLUDE_IN_FRAMEWORK_HEADER = YES;
				CLANG_WARN_RANGE_LOOP_ANALYSIS = YES;
				CLANG_WARN_STRICT_PROTOTYPES = YES;
				CLANG_WARN_SUSPICIOUS_MOVE = YES;
				CLANG_WARN_UNGUARDED_AVAILABILITY = YES_AGGRESSIVE;
				CLANG_WARN_UNREACHABLE_CODE = YES;
				CLANG_WARN__DUPLICATE_METHOD_MATCH = YES;
				COPY_PHASE_STRIP = NO;
				DEBUG_INFORMATION_FORMAT = dwarf;
				ENABLE_STRICT_OBJC_MSGSEND = YES;
				ENABLE_TESTABILITY = YES;
				ENABLE_USER_SCRIPT_SANDBOXING = NO;
				GCC_C_LANGUAGE_STANDARD = gnu17;
				GCC_DYNAMIC_NO_PIC = NO;
				GCC_NO_COMMON_BLOCKS = YES;
				GCC_OPTIMIZATION_LEVEL = 0;
				GCC_PREPROCESSOR_DEFINITIONS = (
					"DEBUG=1",
					"$(inherited)",
				);
				GCC_WARN_64_TO_32_BIT_CONVERSION = YES;
				GCC_WARN_ABOUT_RETURN_TYPE = YES_ERROR;
				GCC_WARN_UNDECLARED_SELECTOR = YES;
				GCC_WARN_UNINITIALIZED_AUTOS = YES_AGGRESSIVE;
				GCC_WARN_UNUSED_FUNCTION = YES;
				GCC_WARN_UNUSED_VARIABLE = YES;
				IPHONEOS_DEPLOYMENT_TARGET = 13.0;
				LOCALIZATION_PREFERS_STRING_CATALOGS = YES;
				MTL_ENABLE_DEBUG_INFO = INCLUDE_SOURCE;
				MTL_FAST_MATH = YES;
				ONLY_ACTIVE_ARCH = YES;
				SDKROOT = iphoneos;
				SWIFT_ACTIVE_COMPILATION_CONDITIONS = "DEBUG $(inherited)";
				SWIFT_OPTIMIZATION_LEVEL = "-Onone";
			};
			name = Debug;
		};
		29894DFA2C75D152002A08DF /* Release */ = {
			isa = XCBuildConfiguration;
			buildSettings = {
				ALWAYS_SEARCH_USER_PATHS = NO;
				ASSETCATALOG_COMPILER_GENERATE_SWIFT_ASSET_SYMBOL_EXTENSIONS = YES;
				CLANG_ANALYZER_NONNULL = YES;
				CLANG_ANALYZER_NUMBER_OBJECT_CONVERSION = YES_AGGRESSIVE;
				CLANG_CXX_LANGUAGE_STANDARD = "gnu++20";
				CLANG_ENABLE_MODULES = YES;
				CLANG_ENABLE_OBJC_ARC = YES;
				CLANG_ENABLE_OBJC_WEAK = YES;
				CLANG_WARN_BLOCK_CAPTURE_AUTORELEASING = YES;
				CLANG_WARN_BOOL_CONVERSION = YES;
				CLANG_WARN_COMMA = YES;
				CLANG_WARN_CONSTANT_CONVERSION = YES;
				CLANG_WARN_DEPRECATED_OBJC_IMPLEMENTATIONS = YES;
				CLANG_WARN_DIRECT_OBJC_ISA_USAGE = YES_ERROR;
				CLANG_WARN_DOCUMENTATION_COMMENTS = YES;
				CLANG_WARN_EMPTY_BODY = YES;
				CLANG_WARN_ENUM_CONVERSION = YES;
				CLANG_WARN_INFINITE_RECURSION = YES;
				CLANG_WARN_INT_CONVERSION = YES;
				CLANG_WARN_NON_LITERAL_NULL_CONVERSION = YES;
				CLANG_WARN_OBJC_IMPLICIT_RETAIN_SELF = YES;
				CLANG_WARN_OBJC_LITERAL_CONVERSION = YES;
				CLANG_WARN_OBJC_ROOT_CLASS = YES_ERROR;
				CLANG_WARN_QUOTED_INCLUDE_IN_FRAMEWORK_HEADER = YES;
				CLANG_WARN_RANGE_LOOP_ANALYSIS = YES;
				CLANG_WARN_STRICT_PROTOTYPES = YES;
				CLANG_WARN_SUSPICIOUS_MOVE = YES;
				CLANG_WARN_UNGUARDED_AVAILABILITY = YES_AGGRESSIVE;
				CLANG_WARN_UNREACHABLE_CODE = YES;
				CLANG_WARN__DUPLICATE_METHOD_MATCH = YES;
				COPY_PHASE_STRIP = NO;
				DEBUG_INFORMATION_FORMAT = "dwarf-with-dsym";
				ENABLE_NS_ASSERTIONS = NO;
				ENABLE_STRICT_OBJC_MSGSEND = YES;
				ENABLE_USER_SCRIPT_SANDBOXING = NO;
				GCC_C_LANGUAGE_STANDARD = gnu17;
				GCC_NO_COMMON_BLOCKS = YES;
				GCC_WARN_64_TO_32_BIT_CONVERSION = YES;
				GCC_WARN_ABOUT_RETURN_TYPE = YES_ERROR;
				GCC_WARN_UNDECLARED_SELECTOR = YES;
				GCC_WARN_UNINITIALIZED_AUTOS = YES_AGGRESSIVE;
				GCC_WARN_UNUSED_FUNCTION = YES;
				GCC_WARN_UNUSED_VARIABLE = YES;
				IPHONEOS_DEPLOYMENT_TARGET = 13.0;
				LOCALIZATION_PREFERS_STRING_CATALOGS = YES;
				MTL_ENABLE_DEBUG_INFO = NO;
				MTL_FAST_MATH = YES;
				SDKROOT = iphoneos;
				SWIFT_COMPILATION_MODE = wholemodule;
				VALIDATE_PRODUCT = YES;
			};
			name = Release;
		};
		29894DFC2C75D152002A08DF /* Debug */ = {
			isa = XCBuildConfiguration;
			baseConfigurationReference = B4F4BBE66577AD0D03D2C062 /* Pods-BeTime.debug.xcconfig */;
			buildSettings = {
				ASSETCATALOG_COMPILER_APPICON_NAME = AppIcon;
				ASSETCATALOG_COMPILER_GLOBAL_ACCENT_COLOR_NAME = AccentColor;
				CODE_SIGN_STYLE = Automatic;
				CURRENT_PROJECT_VERSION = 1;
				DEVELOPMENT_TEAM = 47F2K76WB8;
				GENERATE_INFOPLIST_FILE = YES;
				INFOPLIST_FILE = BeTime/Info.plist;
				INFOPLIST_KEY_UIApplicationSupportsIndirectInputEvents = YES;
				INFOPLIST_KEY_UILaunchStoryboardName = LaunchScreen;
				INFOPLIST_KEY_UIMainStoryboardFile = Main;
				INFOPLIST_KEY_UISupportedInterfaceOrientations_iPad = "UIInterfaceOrientationPortrait UIInterfaceOrientationPortraitUpsideDown UIInterfaceOrientationLandscapeLeft UIInterfaceOrientationLandscapeRight";
				INFOPLIST_KEY_UISupportedInterfaceOrientations_iPhone = "UIInterfaceOrientationPortrait UIInterfaceOrientationLandscapeLeft UIInterfaceOrientationLandscapeRight";
				LD_RUNPATH_SEARCH_PATHS = (
					"$(inherited)",
					"@executable_path/Frameworks",
				);
				MARKETING_VERSION = 1.0;
				PRODUCT_BUNDLE_IDENTIFIER = "-7Jun.BeTime";
				PRODUCT_NAME = "$(TARGET_NAME)";
				SWIFT_EMIT_LOC_STRINGS = YES;
				SWIFT_VERSION = 5.0;
				TARGETED_DEVICE_FAMILY = "1,2";
			};
			name = Debug;
		};
		29894DFD2C75D152002A08DF /* Release */ = {
			isa = XCBuildConfiguration;
			baseConfigurationReference = D0212BA7EF957E9FB671F80F /* Pods-BeTime.release.xcconfig */;
			buildSettings = {
				ASSETCATALOG_COMPILER_APPICON_NAME = AppIcon;
				ASSETCATALOG_COMPILER_GLOBAL_ACCENT_COLOR_NAME = AccentColor;
				CODE_SIGN_STYLE = Automatic;
				CURRENT_PROJECT_VERSION = 1;
				DEVELOPMENT_TEAM = 47F2K76WB8;
				GENERATE_INFOPLIST_FILE = YES;
				INFOPLIST_FILE = BeTime/Info.plist;
				INFOPLIST_KEY_UIApplicationSupportsIndirectInputEvents = YES;
				INFOPLIST_KEY_UILaunchStoryboardName = LaunchScreen;
				INFOPLIST_KEY_UIMainStoryboardFile = Main;
				INFOPLIST_KEY_UISupportedInterfaceOrientations_iPad = "UIInterfaceOrientationPortrait UIInterfaceOrientationPortraitUpsideDown UIInterfaceOrientationLandscapeLeft UIInterfaceOrientationLandscapeRight";
				INFOPLIST_KEY_UISupportedInterfaceOrientations_iPhone = "UIInterfaceOrientationPortrait UIInterfaceOrientationLandscapeLeft UIInterfaceOrientationLandscapeRight";
				LD_RUNPATH_SEARCH_PATHS = (
					"$(inherited)",
					"@executable_path/Frameworks",
				);
				MARKETING_VERSION = 1.0;
				PRODUCT_BUNDLE_IDENTIFIER = "-7Jun.BeTime";
				PRODUCT_NAME = "$(TARGET_NAME)";
				SWIFT_EMIT_LOC_STRINGS = YES;
				SWIFT_VERSION = 5.0;
				TARGETED_DEVICE_FAMILY = "1,2";
			};
			name = Release;
		};
/* End XCBuildConfiguration section */

/* Begin XCConfigurationList section */
		29894DE22C75D150002A08DF /* Build configuration list for PBXProject "BeTime" */ = {
			isa = XCConfigurationList;
			buildConfigurations = (
				29894DF92C75D152002A08DF /* Debug */,
				29894DFA2C75D152002A08DF /* Release */,
			);
			defaultConfigurationIsVisible = 0;
			defaultConfigurationName = Release;
		};
		29894DFB2C75D152002A08DF /* Build configuration list for PBXNativeTarget "BeTime" */ = {
			isa = XCConfigurationList;
			buildConfigurations = (
				29894DFC2C75D152002A08DF /* Debug */,
				29894DFD2C75D152002A08DF /* Release */,
			);
			defaultConfigurationIsVisible = 0;
			defaultConfigurationName = Release;
		};
/* End XCConfigurationList section */

/* Begin XCRemoteSwiftPackageReference section */
		29A04C502C9180D00040119A /* XCRemoteSwiftPackageReference "RxSwift" */ = {
			isa = XCRemoteSwiftPackageReference;
			repositoryURL = "https://github.com/ReactiveX/RxSwift";
			requirement = {
				kind = upToNextMajorVersion;
				minimumVersion = 6.7.1;
			};
		};
/* End XCRemoteSwiftPackageReference section */

/* Begin XCSwiftPackageProductDependency section */
		29A04C512C9180D00040119A /* RxBlocking */ = {
			isa = XCSwiftPackageProductDependency;
			package = 29A04C502C9180D00040119A /* XCRemoteSwiftPackageReference "RxSwift" */;
			productName = RxBlocking;
		};
		29A04C532C9180D00040119A /* RxBlocking-Dynamic */ = {
			isa = XCSwiftPackageProductDependency;
			package = 29A04C502C9180D00040119A /* XCRemoteSwiftPackageReference "RxSwift" */;
			productName = "RxBlocking-Dynamic";
		};
		29A04C552C9180D00040119A /* RxCocoa */ = {
			isa = XCSwiftPackageProductDependency;
			package = 29A04C502C9180D00040119A /* XCRemoteSwiftPackageReference "RxSwift" */;
			productName = RxCocoa;
		};
		29A04C572C9180D00040119A /* RxCocoa-Dynamic */ = {
			isa = XCSwiftPackageProductDependency;
			package = 29A04C502C9180D00040119A /* XCRemoteSwiftPackageReference "RxSwift" */;
			productName = "RxCocoa-Dynamic";
		};
		29A04C592C9180D00040119A /* RxRelay */ = {
			isa = XCSwiftPackageProductDependency;
			package = 29A04C502C9180D00040119A /* XCRemoteSwiftPackageReference "RxSwift" */;
			productName = RxRelay;
		};
/* End XCSwiftPackageProductDependency section */
	};
	rootObject = 29894DDF2C75D150002A08DF /* Project object */;
}
